<?xml version="1.0" encoding="utf-8"?>
<Project ToolsVersion="4.0" xmlns="http://schemas.microsoft.com/developer/msbuild/2003">
  <ItemGroup>
    <Filter Include="Source Files">
      <UniqueIdentifier>{4FC737F1-C7A5-4376-A066-2A32D752A2FF}</UniqueIdentifier>
      <Extensions>cpp;c;cc;cxx;def;odl;idl;hpj;bat;asm;asmx</Extensions>
    </Filter>
    <Filter Include="Header Files">
      <UniqueIdentifier>{93995380-89BD-4b04-88EB-625FBE52EBFB}</UniqueIdentifier>
      <Extensions>h;hh;hpp;hxx;hm;inl;inc;xsd</Extensions>
    </Filter>
    <Filter Include="Resource Files">
      <UniqueIdentifier>{67DA6AB6-F800-4c08-8B7A-83BB121AAD01}</UniqueIdentifier>
      <Extensions>rc;ico;cur;bmp;dlg;rc2;rct;bin;rgs;gif;jpg;jpeg;jpe;resx;tiff;tif;png;wav;mfcribbon-ms</Extensions>
    </Filter>
  </ItemGroup>
  <ItemGroup>
    <ClCompile Include="src\Source.cpp">
      <Filter>Source Files</Filter>
    </ClCompile>
    <ClCompile Include="src\concrete\ducks\DuckCall.cpp">
      <Filter>Source Files</Filter>
    </ClCompile>
    <ClCompile Include="src\concrete\ducks\MallardDuck.cpp">
      <Filter>Source Files</Filter>
    </ClCompile>
    <ClCompile Include="src\concrete\ducks\ReadheadDuck.cpp">
      <Filter>Source Files</Filter>
    </ClCompile>
    <ClCompile Include="src\concrete\ducks\RubberDuck.cpp">
      <Filter>Source Files</Filter>
    </ClCompile>
    <ClCompile Include="src\concrete\goose\Goose.cpp">
      <Filter>Source Files</Filter>
    </ClCompile>
    <ClCompile Include="src\concrete\adapter\GooseAdapter.cpp">
      <Filter>Source Files</Filter>
    </ClCompile>
    <ClCompile Include="src\concrete\ducks\decorator\QuackCounter.cpp">
      <Filter>Source Files</Filter>
    </ClCompile>
    <ClCompile Include="src\concrete\factory\DuckFactory.cpp">
      <Filter>Source Files</Filter>
    </ClCompile>
    <ClCompile Include="src\concrete\factory\CountingDuckFactory.cpp">
      <Filter>Source Files</Filter>
    </ClCompile>
    <ClCompile Include="src\concrete\factory\GooseFactory.cpp">
      <Filter>Source Files</Filter>
    </ClCompile>
    <ClCompile Include="src\concrete\composite\Flock.cpp">
      <Filter>Source Files</Filter>
    </ClCompile>
    <ClCompile Include="src\concrete\observer\Observable.cpp">
      <Filter>Source Files</Filter>
    </ClCompile>
    <ClCompile Include="src\concrete\observer\Quackologist.cpp">
      <Filter>Source Files</Filter>
    </ClCompile>
  </ItemGroup>
  <ItemGroup>
    <ClInclude Include="src\abstract\Quackable.h">
      <Filter>Header Files</Filter>
    </ClInclude>
    <ClInclude Include="src\concrete\ducks\DuckCall.h">
      <Filter>Header Files</Filter>
    </ClInclude>
    <ClInclude Include="src\concrete\ducks\MallardDuck.h">
      <Filter>Header Files</Filter>
    </ClInclude>
    <ClInclude Include="src\concrete\ducks\ReadheadDuck.h">
      <Filter>Header Files</Filter>
    </ClInclude>
    <ClInclude Include="src\concrete\ducks\RubberDuck.h">
      <Filter>Header Files</Filter>
    </ClInclude>
    <ClInclude Include="src\concrete\ducks\Ducks.h">
      <Filter>Header Files</Filter>
    </ClInclude>
    <ClInclude Include="src\concrete\goose\Goose.h">
      <Filter>Header Files</Filter>
    </ClInclude>
    <ClInclude Include="src\concrete\adapter\GooseAdapter.h">
      <Filter>Header Files</Filter>
    </ClInclude>
    <ClInclude Include="src\concrete\ducks\decorator\QuackCounter.h">
      <Filter>Header Files</Filter>
    </ClInclude>
    <ClInclude Include="src\abstract\AbstractDuckFactory.h">
      <Filter>Header Files</Filter>
    </ClInclude>
    <ClInclude Include="src\concrete\factory\DuckFactory.h">
      <Filter>Header Files</Filter>
    </ClInclude>
    <ClInclude Include="src\concrete\factory\CountingDuckFactory.h">
      <Filter>Header Files</Filter>
    </ClInclude>
    <ClInclude Include="src\abstract\AbstractGooseFactory.h">
      <Filter>Header Files</Filter>
    </ClInclude>
    <ClInclude Include="src\concrete\factory\GooseFactory.h">
      <Filter>Header Files</Filter>
    </ClInclude>
    <ClInclude Include="src\concrete\composite\Flock.h">
      <Filter>Header Files</Filter>
    </ClInclude>
    <ClInclude Include="src\abstract\QuackObservable.h">
      <Filter>Header Files</Filter>
    </ClInclude>
    <ClInclude Include="src\concrete\observer\Observable.h">
      <Filter>Header Files</Filter>
    </ClInclude>
    <ClInclude Include="src\abstract\Observer.h">
      <Filter>Header Files</Filter>
    </ClInclude>
    <ClInclude Include="src\Util\Util.h">
      <Filter>Header Files</Filter>
    </ClInclude>
    <ClInclude Include="src\concrete\observer\Quackologist.h">
      <Filter>Header Files</Filter>
    </ClInclude>
  </ItemGroup>
</Project>