<?xml version="1.0" encoding="utf-8"?>
<Project ToolsVersion="4.0" xmlns="http://schemas.microsoft.com/developer/msbuild/2003">
  <ItemGroup>
    <Filter Include="Source Files">
      <UniqueIdentifier>{4FC737F1-C7A5-4376-A066-2A32D752A2FF}</UniqueIdentifier>
      <Extensions>cpp;c;cc;cxx;def;odl;idl;hpj;bat;asm;asmx</Extensions>
    </Filter>
    <Filter Include="Header Files">
      <UniqueIdentifier>{93995380-89BD-4b04-88EB-625FBE52EBFB}</UniqueIdentifier>
      <Extensions>h;hh;hpp;hxx;hm;inl;inc;xsd</Extensions>
    </Filter>
    <Filter Include="Resource Files">
      <UniqueIdentifier>{67DA6AB6-F800-4c08-8B7A-83BB121AAD01}</UniqueIdentifier>
      <Extensions>rc;ico;cur;bmp;dlg;rc2;rct;bin;rgs;gif;jpg;jpeg;jpe;resx;tiff;tif;png;wav;mfcribbon-ms</Extensions>
    </Filter>
  </ItemGroup>
  <ItemGroup>
    <ClCompile Include="src\Source.cpp">
      <Filter>Source Files</Filter>
    </ClCompile>
    <ClCompile Include="src\concrete\MenuItem.cpp">
      <Filter>Source Files</Filter>
    </ClCompile>
    <ClCompile Include="src\concrete\PancakeHouseMenu.cpp">
      <Filter>Source Files</Filter>
    </ClCompile>
    <ClCompile Include="src\concrete\DinerMenu.cpp">
      <Filter>Source Files</Filter>
    </ClCompile>
    <ClCompile Include="src\concrete\Iterators\DinerMenuIterator.cpp">
      <Filter>Source Files</Filter>
    </ClCompile>
    <ClCompile Include="src\concrete\Waitress.cpp">
      <Filter>Source Files</Filter>
    </ClCompile>
    <ClCompile Include="src\concrete\Iterators\PancakeHouseMenuIterator.cpp">
      <Filter>Source Files</Filter>
    </ClCompile>
    <ClCompile Include="src\concrete\CafeMenu.cpp">
      <Filter>Source Files</Filter>
    </ClCompile>
    <ClCompile Include="src\concrete\Iterators\CafeMenuIterator.cpp">
      <Filter>Source Files</Filter>
    </ClCompile>
    <ClCompile Include="src\abstract\MenuComponent.cpp">
      <Filter>Source Files</Filter>
    </ClCompile>
    <ClCompile Include="src\concrete\Menu.cpp">
      <Filter>Source Files</Filter>
    </ClCompile>
    <ClCompile Include="src\concrete\Iterators\NullIterator.cpp">
      <Filter>Source Files</Filter>
    </ClCompile>
    <ClCompile Include="src\concrete\Iterators\CompositeIterator.cpp">
      <Filter>Source Files</Filter>
    </ClCompile>
    <ClCompile Include="src\concrete\Iterators\MenuIterator.cpp">
      <Filter>Source Files</Filter>
    </ClCompile>
  </ItemGroup>
  <ItemGroup>
    <ClInclude Include="src\concrete\MenuItem.h">
      <Filter>Header Files</Filter>
    </ClInclude>
    <ClInclude Include="src\concrete\PancakeHouseMenu.h">
      <Filter>Header Files</Filter>
    </ClInclude>
    <ClInclude Include="src\concrete\DinerMenu.h">
      <Filter>Header Files</Filter>
    </ClInclude>
    <ClInclude Include="src\abstract\Iterator.h">
      <Filter>Header Files</Filter>
    </ClInclude>
    <ClInclude Include="src\concrete\Iterators\DinerMenuIterator.h">
      <Filter>Header Files</Filter>
    </ClInclude>
    <ClInclude Include="src\concrete\Waitress.h">
      <Filter>Header Files</Filter>
    </ClInclude>
    <ClInclude Include="src\concrete\Iterators\PancakeHouseMenuIterator.h">
      <Filter>Header Files</Filter>
    </ClInclude>
    <ClInclude Include="src\concrete\CafeMenu.h">
      <Filter>Header Files</Filter>
    </ClInclude>
    <ClInclude Include="src\concrete\Iterators\CafeMenuIterator.h">
      <Filter>Header Files</Filter>
    </ClInclude>
    <ClInclude Include="src\abstract\MenuComponent.h">
      <Filter>Header Files</Filter>
    </ClInclude>
    <ClInclude Include="src\Util\Util.h">
      <Filter>Header Files</Filter>
    </ClInclude>
    <ClInclude Include="src\concrete\Menu.h">
      <Filter>Header Files</Filter>
    </ClInclude>
    <ClInclude Include="src\concrete\Iterators\NullIterator.h">
      <Filter>Header Files</Filter>
    </ClInclude>
    <ClInclude Include="src\concrete\Iterators\CompositeIterator.h">
      <Filter>Header Files</Filter>
    </ClInclude>
    <ClInclude Include="src\concrete\Iterators\MenuIterator.h">
      <Filter>Header Files</Filter>
    </ClInclude>
  </ItemGroup>
</Project>